
Microsoft Visual Studio Solution File, Format Version 12.00
# Visual Studio Version 16
VisualStudioVersion = 16.0.30114.105
MinimumVisualStudioVersion = 10.0.40219.1
Project("{FAE04EC0-301F-11D3-BF4B-00C04F79EFBC}") = "WebApplication1", "WebApplication1.csproj", "{05D7B843-A929-42BC-B556-1062636331C9}"
EndProject
Global
	GlobalSection(SolutionConfigurationPlatforms) = preSolution
		Debug|Any CPU = Debug|Any CPU
		Release|Any CPU = Release|Any CPU
	EndGlobalSection
	GlobalSection(ProjectConfigurationPlatforms) = postSolution
		{05D7B843-A929-42BC-B556-1062636331C9}.Debug|Any CPU.ActiveCfg = Debug|Any CPU
		{05D7B843-A929-42BC-B556-1062636331C9}.Debug|Any CPU.Build.0 = Debug|Any CPU
		{05D7B843-A929-42BC-B556-1062636331C9}.Release|Any CPU.ActiveCfg = Release|Any CPU
		{05D7B843-A929-42BC-B556-1062636331C9}.Release|Any CPU.Build.0 = Release|Any CPU
	EndGlobalSection
	GlobalSection(SolutionProperties) = preSolution
		HideSolutionNode = FALSE
	EndGlobalSection
	GlobalSection(ExtensibilityGlobals) = postSolution
		SolutionGuid = {C7D94AB2-860C-4156-8057-8CB8045FCD0B}
	EndGlobalSection
EndGlobal
